
Microsoft Visual Studio Solution File, Format Version 12.00
# Visual Studio Version 16
VisualStudioVersion = 16.0.31005.135
MinimumVisualStudioVersion = 10.0.40219.1
Project("{2150E333-8FDC-42A3-9474-1A3956D46DE8}") = "Core", "Core", "{7D003636-3F6C-40CD-866E-E9DB013DD65E}"
EndProject
Project("{2150E333-8FDC-42A3-9474-1A3956D46DE8}") = "Tests", "Tests", "{5F889187-179F-4396-8577-04AE2F15673B}"
EndProject
Project("{2150E333-8FDC-42A3-9474-1A3956D46DE8}") = "Common", "Common", "{47383685-DB63-4702-BCB4-1102DE0E94FB}"
EndProject
Project("{2150E333-8FDC-42A3-9474-1A3956D46DE8}") = "Infrastructure", "Infrastructure", "{D337F2C4-B043-4FE8-ACF7-A7F0A5E696CB}"
EndProject
Project("{FAE04EC0-301F-11D3-BF4B-00C04F79EFBC}") = "Tests.ApplicationServicesTests", "Tests\Tests.ApplicationServicesTests\Tests.ApplicationServicesTests.csproj", "{D554D011-4891-4A8E-9600-14873779A22E}"
EndProject
Project("{FAE04EC0-301F-11D3-BF4B-00C04F79EFBC}") = "Common.Utils", "Common\Common.Utils\Common.Utils.csproj", "{72B882F7-DE54-49F4-A046-025E0E9A2431}"
EndProject
Project("{FAE04EC0-301F-11D3-BF4B-00C04F79EFBC}") = "Common.EfCoreDbContext", "Common\Common.EfCoreDbContext\Common.EfCoreDbContext.csproj", "{3249734E-3366-4569-99E0-7881C6A035E7}"
EndProject
Project("{FAE04EC0-301F-11D3-BF4B-00C04F79EFBC}") = "Core.Domain", "Core\Core.Domain\Core.Domain.csproj", "{4E47B283-C709-43E3-B3AF-26977B76F993}"
EndProject
Project("{FAE04EC0-301F-11D3-BF4B-00C04F79EFBC}") = "Core.ApplicationServices", "Core\Core.ApplicationServices\Core.ApplicationServices.csproj", "{2E94A5C6-47A8-4284-A22F-0A3740A0ABF1}"
EndProject
Project("{FAE04EC0-301F-11D3-BF4B-00C04F79EFBC}") = "Core.Infrastructure.EfCoreDataAccess", "Core\Infrastructure\Core.Infrastructure.EfCoreDataAccess\Core.Infrastructure.EfCoreDataAccess.csproj", "{39B87D38-CBBF-42D2-91E3-53983509EFD5}"
EndProject
Project("{2150E333-8FDC-42A3-9474-1A3956D46DE8}") = "Apps", "Apps", "{C6CAB1BC-577A-4D08-BCFB-3D84F1CDB827}"
EndProject
Project("{FAE04EC0-301F-11D3-BF4B-00C04F79EFBC}") = "WebApp", "Apps\WebApp\WebApp.csproj", "{B7DD60FA-6B85-4126-8F65-0A0A4865AC85}"
EndProject
Global
	GlobalSection(SolutionConfigurationPlatforms) = preSolution
		Debug|Any CPU = Debug|Any CPU
		Debug|ARM = Debug|ARM
		Debug|ARM64 = Debug|ARM64
		Debug|x64 = Debug|x64
		Debug|x86 = Debug|x86
		Release|Any CPU = Release|Any CPU
		Release|ARM = Release|ARM
		Release|ARM64 = Release|ARM64
		Release|x64 = Release|x64
		Release|x86 = Release|x86
	EndGlobalSection
	GlobalSection(ProjectConfigurationPlatforms) = postSolution
		{D554D011-4891-4A8E-9600-14873779A22E}.Debug|Any CPU.ActiveCfg = Debug|Any CPU
		{D554D011-4891-4A8E-9600-14873779A22E}.Debug|Any CPU.Build.0 = Debug|Any CPU
		{D554D011-4891-4A8E-9600-14873779A22E}.Debug|ARM.ActiveCfg = Debug|Any CPU
		{D554D011-4891-4A8E-9600-14873779A22E}.Debug|ARM.Build.0 = Debug|Any CPU
		{D554D011-4891-4A8E-9600-14873779A22E}.Debug|ARM64.ActiveCfg = Debug|Any CPU
		{D554D011-4891-4A8E-9600-14873779A22E}.Debug|ARM64.Build.0 = Debug|Any CPU
		{D554D011-4891-4A8E-9600-14873779A22E}.Debug|x64.ActiveCfg = Debug|Any CPU
		{D554D011-4891-4A8E-9600-14873779A22E}.Debug|x64.Build.0 = Debug|Any CPU
		{D554D011-4891-4A8E-9600-14873779A22E}.Debug|x86.ActiveCfg = Debug|Any CPU
		{D554D011-4891-4A8E-9600-14873779A22E}.Debug|x86.Build.0 = Debug|Any CPU
		{D554D011-4891-4A8E-9600-14873779A22E}.Release|Any CPU.ActiveCfg = Release|Any CPU
		{D554D011-4891-4A8E-9600-14873779A22E}.Release|Any CPU.Build.0 = Release|Any CPU
		{D554D011-4891-4A8E-9600-14873779A22E}.Release|ARM.ActiveCfg = Release|Any CPU
		{D554D011-4891-4A8E-9600-14873779A22E}.Release|ARM.Build.0 = Release|Any CPU
		{D554D011-4891-4A8E-9600-14873779A22E}.Release|ARM64.ActiveCfg = Release|Any CPU
		{D554D011-4891-4A8E-9600-14873779A22E}.Release|ARM64.Build.0 = Release|Any CPU
		{D554D011-4891-4A8E-9600-14873779A22E}.Release|x64.ActiveCfg = Release|Any CPU
		{D554D011-4891-4A8E-9600-14873779A22E}.Release|x64.Build.0 = Release|Any CPU
		{D554D011-4891-4A8E-9600-14873779A22E}.Release|x86.ActiveCfg = Release|Any CPU
		{D554D011-4891-4A8E-9600-14873779A22E}.Release|x86.Build.0 = Release|Any CPU
		{72B882F7-DE54-49F4-A046-025E0E9A2431}.Debug|Any CPU.ActiveCfg = Debug|Any CPU
		{72B882F7-DE54-49F4-A046-025E0E9A2431}.Debug|Any CPU.Build.0 = Debug|Any CPU
		{72B882F7-DE54-49F4-A046-025E0E9A2431}.Debug|ARM.ActiveCfg = Debug|Any CPU
		{72B882F7-DE54-49F4-A046-025E0E9A2431}.Debug|ARM.Build.0 = Debug|Any CPU
		{72B882F7-DE54-49F4-A046-025E0E9A2431}.Debug|ARM64.ActiveCfg = Debug|Any CPU
		{72B882F7-DE54-49F4-A046-025E0E9A2431}.Debug|ARM64.Build.0 = Debug|Any CPU
		{72B882F7-DE54-49F4-A046-025E0E9A2431}.Debug|x64.ActiveCfg = Debug|Any CPU
		{72B882F7-DE54-49F4-A046-025E0E9A2431}.Debug|x64.Build.0 = Debug|Any CPU
		{72B882F7-DE54-49F4-A046-025E0E9A2431}.Debug|x86.ActiveCfg = Debug|Any CPU
		{72B882F7-DE54-49F4-A046-025E0E9A2431}.Debug|x86.Build.0 = Debug|Any CPU
		{72B882F7-DE54-49F4-A046-025E0E9A2431}.Release|Any CPU.ActiveCfg = Release|Any CPU
		{72B882F7-DE54-49F4-A046-025E0E9A2431}.Release|Any CPU.Build.0 = Release|Any CPU
		{72B882F7-DE54-49F4-A046-025E0E9A2431}.Release|ARM.ActiveCfg = Release|Any CPU
		{72B882F7-DE54-49F4-A046-025E0E9A2431}.Release|ARM.Build.0 = Release|Any CPU
		{72B882F7-DE54-49F4-A046-025E0E9A2431}.Release|ARM64.ActiveCfg = Release|Any CPU
		{72B882F7-DE54-49F4-A046-025E0E9A2431}.Release|ARM64.Build.0 = Release|Any CPU
		{72B882F7-DE54-49F4-A046-025E0E9A2431}.Release|x64.ActiveCfg = Release|Any CPU
		{72B882F7-DE54-49F4-A046-025E0E9A2431}.Release|x64.Build.0 = Release|Any CPU
		{72B882F7-DE54-49F4-A046-025E0E9A2431}.Release|x86.ActiveCfg = Release|Any CPU
		{72B882F7-DE54-49F4-A046-025E0E9A2431}.Release|x86.Build.0 = Release|Any CPU
		{3249734E-3366-4569-99E0-7881C6A035E7}.Debug|Any CPU.ActiveCfg = Debug|Any CPU
		{3249734E-3366-4569-99E0-7881C6A035E7}.Debug|Any CPU.Build.0 = Debug|Any CPU
		{3249734E-3366-4569-99E0-7881C6A035E7}.Debug|ARM.ActiveCfg = Debug|Any CPU
		{3249734E-3366-4569-99E0-7881C6A035E7}.Debug|ARM.Build.0 = Debug|Any CPU
		{3249734E-3366-4569-99E0-7881C6A035E7}.Debug|ARM64.ActiveCfg = Debug|Any CPU
		{3249734E-3366-4569-99E0-7881C6A035E7}.Debug|ARM64.Build.0 = Debug|Any CPU
		{3249734E-3366-4569-99E0-7881C6A035E7}.Debug|x64.ActiveCfg = Debug|Any CPU
		{3249734E-3366-4569-99E0-7881C6A035E7}.Debug|x64.Build.0 = Debug|Any CPU
		{3249734E-3366-4569-99E0-7881C6A035E7}.Debug|x86.ActiveCfg = Debug|Any CPU
		{3249734E-3366-4569-99E0-7881C6A035E7}.Debug|x86.Build.0 = Debug|Any CPU
		{3249734E-3366-4569-99E0-7881C6A035E7}.Release|Any CPU.ActiveCfg = Release|Any CPU
		{3249734E-3366-4569-99E0-7881C6A035E7}.Release|Any CPU.Build.0 = Release|Any CPU
		{3249734E-3366-4569-99E0-7881C6A035E7}.Release|ARM.ActiveCfg = Release|Any CPU
		{3249734E-3366-4569-99E0-7881C6A035E7}.Release|ARM.Build.0 = Release|Any CPU
		{3249734E-3366-4569-99E0-7881C6A035E7}.Release|ARM64.ActiveCfg = Release|Any CPU
		{3249734E-3366-4569-99E0-7881C6A035E7}.Release|ARM64.Build.0 = Release|Any CPU
		{3249734E-3366-4569-99E0-7881C6A035E7}.Release|x64.ActiveCfg = Release|Any CPU
		{3249734E-3366-4569-99E0-7881C6A035E7}.Release|x64.Build.0 = Release|Any CPU
		{3249734E-3366-4569-99E0-7881C6A035E7}.Release|x86.ActiveCfg = Release|Any CPU
		{3249734E-3366-4569-99E0-7881C6A035E7}.Release|x86.Build.0 = Release|Any CPU
		{4E47B283-C709-43E3-B3AF-26977B76F993}.Debug|Any CPU.ActiveCfg = Debug|Any CPU
		{4E47B283-C709-43E3-B3AF-26977B76F993}.Debug|Any CPU.Build.0 = Debug|Any CPU
		{4E47B283-C709-43E3-B3AF-26977B76F993}.Debug|ARM.ActiveCfg = Debug|Any CPU
		{4E47B283-C709-43E3-B3AF-26977B76F993}.Debug|ARM.Build.0 = Debug|Any CPU
		{4E47B283-C709-43E3-B3AF-26977B76F993}.Debug|ARM64.ActiveCfg = Debug|Any CPU
		{4E47B283-C709-43E3-B3AF-26977B76F993}.Debug|ARM64.Build.0 = Debug|Any CPU
		{4E47B283-C709-43E3-B3AF-26977B76F993}.Debug|x64.ActiveCfg = Debug|Any CPU
		{4E47B283-C709-43E3-B3AF-26977B76F993}.Debug|x64.Build.0 = Debug|Any CPU
		{4E47B283-C709-43E3-B3AF-26977B76F993}.Debug|x86.ActiveCfg = Debug|Any CPU
		{4E47B283-C709-43E3-B3AF-26977B76F993}.Debug|x86.Build.0 = Debug|Any CPU
		{4E47B283-C709-43E3-B3AF-26977B76F993}.Release|Any CPU.ActiveCfg = Release|Any CPU
		{4E47B283-C709-43E3-B3AF-26977B76F993}.Release|Any CPU.Build.0 = Release|Any CPU
		{4E47B283-C709-43E3-B3AF-26977B76F993}.Release|ARM.ActiveCfg = Release|Any CPU
		{4E47B283-C709-43E3-B3AF-26977B76F993}.Release|ARM.Build.0 = Release|Any CPU
		{4E47B283-C709-43E3-B3AF-26977B76F993}.Release|ARM64.ActiveCfg = Release|Any CPU
		{4E47B283-C709-43E3-B3AF-26977B76F993}.Release|ARM64.Build.0 = Release|Any CPU
		{4E47B283-C709-43E3-B3AF-26977B76F993}.Release|x64.ActiveCfg = Release|Any CPU
		{4E47B283-C709-43E3-B3AF-26977B76F993}.Release|x64.Build.0 = Release|Any CPU
		{4E47B283-C709-43E3-B3AF-26977B76F993}.Release|x86.ActiveCfg = Release|Any CPU
		{4E47B283-C709-43E3-B3AF-26977B76F993}.Release|x86.Build.0 = Release|Any CPU
		{2E94A5C6-47A8-4284-A22F-0A3740A0ABF1}.Debug|Any CPU.ActiveCfg = Debug|Any CPU
		{2E94A5C6-47A8-4284-A22F-0A3740A0ABF1}.Debug|Any CPU.Build.0 = Debug|Any CPU
		{2E94A5C6-47A8-4284-A22F-0A3740A0ABF1}.Debug|ARM.ActiveCfg = Debug|Any CPU
		{2E94A5C6-47A8-4284-A22F-0A3740A0ABF1}.Debug|ARM.Build.0 = Debug|Any CPU
		{2E94A5C6-47A8-4284-A22F-0A3740A0ABF1}.Debug|ARM64.ActiveCfg = Debug|Any CPU
		{2E94A5C6-47A8-4284-A22F-0A3740A0ABF1}.Debug|ARM64.Build.0 = Debug|Any CPU
		{2E94A5C6-47A8-4284-A22F-0A3740A0ABF1}.Debug|x64.ActiveCfg = Debug|Any CPU
		{2E94A5C6-47A8-4284-A22F-0A3740A0ABF1}.Debug|x64.Build.0 = Debug|Any CPU
		{2E94A5C6-47A8-4284-A22F-0A3740A0ABF1}.Debug|x86.ActiveCfg = Debug|Any CPU
		{2E94A5C6-47A8-4284-A22F-0A3740A0ABF1}.Debug|x86.Build.0 = Debug|Any CPU
		{2E94A5C6-47A8-4284-A22F-0A3740A0ABF1}.Release|Any CPU.ActiveCfg = Release|Any CPU
		{2E94A5C6-47A8-4284-A22F-0A3740A0ABF1}.Release|Any CPU.Build.0 = Release|Any CPU
		{2E94A5C6-47A8-4284-A22F-0A3740A0ABF1}.Release|ARM.ActiveCfg = Release|Any CPU
		{2E94A5C6-47A8-4284-A22F-0A3740A0ABF1}.Release|ARM.Build.0 = Release|Any CPU
		{2E94A5C6-47A8-4284-A22F-0A3740A0ABF1}.Release|ARM64.ActiveCfg = Release|Any CPU
		{2E94A5C6-47A8-4284-A22F-0A3740A0ABF1}.Release|ARM64.Build.0 = Release|Any CPU
		{2E94A5C6-47A8-4284-A22F-0A3740A0ABF1}.Release|x64.ActiveCfg = Release|Any CPU
		{2E94A5C6-47A8-4284-A22F-0A3740A0ABF1}.Release|x64.Build.0 = Release|Any CPU
		{2E94A5C6-47A8-4284-A22F-0A3740A0ABF1}.Release|x86.ActiveCfg = Release|Any CPU
		{2E94A5C6-47A8-4284-A22F-0A3740A0ABF1}.Release|x86.Build.0 = Release|Any CPU
		{39B87D38-CBBF-42D2-91E3-53983509EFD5}.Debug|Any CPU.ActiveCfg = Debug|Any CPU
		{39B87D38-CBBF-42D2-91E3-53983509EFD5}.Debug|Any CPU.Build.0 = Debug|Any CPU
		{39B87D38-CBBF-42D2-91E3-53983509EFD5}.Debug|ARM.ActiveCfg = Debug|Any CPU
		{39B87D38-CBBF-42D2-91E3-53983509EFD5}.Debug|ARM.Build.0 = Debug|Any CPU
		{39B87D38-CBBF-42D2-91E3-53983509EFD5}.Debug|ARM64.ActiveCfg = Debug|Any CPU
		{39B87D38-CBBF-42D2-91E3-53983509EFD5}.Debug|ARM64.Build.0 = Debug|Any CPU
		{39B87D38-CBBF-42D2-91E3-53983509EFD5}.Debug|x64.ActiveCfg = Debug|Any CPU
		{39B87D38-CBBF-42D2-91E3-53983509EFD5}.Debug|x64.Build.0 = Debug|Any CPU
		{39B87D38-CBBF-42D2-91E3-53983509EFD5}.Debug|x86.ActiveCfg = Debug|Any CPU
		{39B87D38-CBBF-42D2-91E3-53983509EFD5}.Debug|x86.Build.0 = Debug|Any CPU
		{39B87D38-CBBF-42D2-91E3-53983509EFD5}.Release|Any CPU.ActiveCfg = Release|Any CPU
		{39B87D38-CBBF-42D2-91E3-53983509EFD5}.Release|Any CPU.Build.0 = Release|Any CPU
		{39B87D38-CBBF-42D2-91E3-53983509EFD5}.Release|ARM.ActiveCfg = Release|Any CPU
		{39B87D38-CBBF-42D2-91E3-53983509EFD5}.Release|ARM.Build.0 = Release|Any CPU
		{39B87D38-CBBF-42D2-91E3-53983509EFD5}.Release|ARM64.ActiveCfg = Release|Any CPU
		{39B87D38-CBBF-42D2-91E3-53983509EFD5}.Release|ARM64.Build.0 = Release|Any CPU
		{39B87D38-CBBF-42D2-91E3-53983509EFD5}.Release|x64.ActiveCfg = Release|Any CPU
		{39B87D38-CBBF-42D2-91E3-53983509EFD5}.Release|x64.Build.0 = Release|Any CPU
		{39B87D38-CBBF-42D2-91E3-53983509EFD5}.Release|x86.ActiveCfg = Release|Any CPU
		{39B87D38-CBBF-42D2-91E3-53983509EFD5}.Release|x86.Build.0 = Release|Any CPU
		{B7DD60FA-6B85-4126-8F65-0A0A4865AC85}.Debug|Any CPU.ActiveCfg = Debug|Any CPU
		{B7DD60FA-6B85-4126-8F65-0A0A4865AC85}.Debug|Any CPU.Build.0 = Debug|Any CPU
		{B7DD60FA-6B85-4126-8F65-0A0A4865AC85}.Debug|ARM.ActiveCfg = Debug|Any CPU
		{B7DD60FA-6B85-4126-8F65-0A0A4865AC85}.Debug|ARM.Build.0 = Debug|Any CPU
		{B7DD60FA-6B85-4126-8F65-0A0A4865AC85}.Debug|ARM64.ActiveCfg = Debug|Any CPU
		{B7DD60FA-6B85-4126-8F65-0A0A4865AC85}.Debug|ARM64.Build.0 = Debug|Any CPU
		{B7DD60FA-6B85-4126-8F65-0A0A4865AC85}.Debug|x64.ActiveCfg = Debug|Any CPU
		{B7DD60FA-6B85-4126-8F65-0A0A4865AC85}.Debug|x64.Build.0 = Debug|Any CPU
		{B7DD60FA-6B85-4126-8F65-0A0A4865AC85}.Debug|x86.ActiveCfg = Debug|Any CPU
		{B7DD60FA-6B85-4126-8F65-0A0A4865AC85}.Debug|x86.Build.0 = Debug|Any CPU
		{B7DD60FA-6B85-4126-8F65-0A0A4865AC85}.Release|Any CPU.ActiveCfg = Release|Any CPU
		{B7DD60FA-6B85-4126-8F65-0A0A4865AC85}.Release|Any CPU.Build.0 = Release|Any CPU
		{B7DD60FA-6B85-4126-8F65-0A0A4865AC85}.Release|ARM.ActiveCfg = Release|Any CPU
		{B7DD60FA-6B85-4126-8F65-0A0A4865AC85}.Release|ARM.Build.0 = Release|Any CPU
		{B7DD60FA-6B85-4126-8F65-0A0A4865AC85}.Release|ARM64.ActiveCfg = Release|Any CPU
		{B7DD60FA-6B85-4126-8F65-0A0A4865AC85}.Release|ARM64.Build.0 = Release|Any CPU
		{B7DD60FA-6B85-4126-8F65-0A0A4865AC85}.Release|x64.ActiveCfg = Release|Any CPU
		{B7DD60FA-6B85-4126-8F65-0A0A4865AC85}.Release|x64.Build.0 = Release|Any CPU
		{B7DD60FA-6B85-4126-8F65-0A0A4865AC85}.Release|x86.ActiveCfg = Release|Any CPU
		{B7DD60FA-6B85-4126-8F65-0A0A4865AC85}.Release|x86.Build.0 = Release|Any CPU
	EndGlobalSection
	GlobalSection(SolutionProperties) = preSolution
		HideSolutionNode = FALSE
	EndGlobalSection
	GlobalSection(NestedProjects) = preSolution
		{D337F2C4-B043-4FE8-ACF7-A7F0A5E696CB} = {7D003636-3F6C-40CD-866E-E9DB013DD65E}
		{D554D011-4891-4A8E-9600-14873779A22E} = {5F889187-179F-4396-8577-04AE2F15673B}
		{72B882F7-DE54-49F4-A046-025E0E9A2431} = {47383685-DB63-4702-BCB4-1102DE0E94FB}
		{3249734E-3366-4569-99E0-7881C6A035E7} = {47383685-DB63-4702-BCB4-1102DE0E94FB}
		{4E47B283-C709-43E3-B3AF-26977B76F993} = {7D003636-3F6C-40CD-866E-E9DB013DD65E}
		{2E94A5C6-47A8-4284-A22F-0A3740A0ABF1} = {7D003636-3F6C-40CD-866E-E9DB013DD65E}
		{39B87D38-CBBF-42D2-91E3-53983509EFD5} = {D337F2C4-B043-4FE8-ACF7-A7F0A5E696CB}
		{B7DD60FA-6B85-4126-8F65-0A0A4865AC85} = {C6CAB1BC-577A-4D08-BCFB-3D84F1CDB827}
	EndGlobalSection
	GlobalSection(ExtensibilityGlobals) = postSolution
		SolutionGuid = {EE4EA8FE-D7C0-45E0-818A-2033F393E31C}
	EndGlobalSection
EndGlobal
